
Microsoft Visual Studio Solution File, Format Version 12.00
# Visual Studio Version 16
VisualStudioVersion = 16.0.30225.117
MinimumVisualStudioVersion = 10.0.40219.1
Project("{FAE04EC0-301F-11D3-BF4B-00C04F79EFBC}") = "CyborgBuilder", "CyborgBuilder\CyborgBuilder.csproj", "{98EF7410-6057-4CC6-BFDF-85882F2650F3}"
	ProjectSection(ProjectDependencies) = postProject
		{7B458039-088D-493B-ACA7-02E4FBC7CF87} = {7B458039-088D-493B-ACA7-02E4FBC7CF87}
		{C3957655-B67E-466E-B71A-FDFAC2309299} = {C3957655-B67E-466E-B71A-FDFAC2309299}
		{C48A93BF-1A97-4D7E-B164-1EDDD504F31C} = {C48A93BF-1A97-4D7E-B164-1EDDD504F31C}
		{4D61D8E2-17FD-4E9C-B592-BE8CE4EA356E} = {4D61D8E2-17FD-4E9C-B592-BE8CE4EA356E}
	EndProjectSection
EndProject
Project("{FAE04EC0-301F-11D3-BF4B-00C04F79EFBC}") = "CyborgBuilder.Mouse", "MouseTask\CyborgBuilder.Mouse.csproj", "{C48A93BF-1A97-4D7E-B164-1EDDD504F31C}"
EndProject
Project("{FAE04EC0-301F-11D3-BF4B-00C04F79EFBC}") = "CyborgBuilder.TaskRepo", "ITask\CyborgBuilder.TaskRepo.csproj", "{C3957655-B67E-466E-B71A-FDFAC2309299}"
EndProject
Project("{FAE04EC0-301F-11D3-BF4B-00C04F79EFBC}") = "CyborgBuilder.Keyboard", "CyborgBuilder.Keyboard.Task\CyborgBuilder.Keyboard.csproj", "{4D61D8E2-17FD-4E9C-B592-BE8CE4EA356E}"
EndProject
Project("{FAE04EC0-301F-11D3-BF4B-00C04F79EFBC}") = "CyborgBuilder.Robot", "CyborgBuilder.Robot\CyborgBuilder.Robot.csproj", "{7B458039-088D-493B-ACA7-02E4FBC7CF87}"
EndProject
Global
	GlobalSection(SolutionConfigurationPlatforms) = preSolution
		Debug|Any CPU = Debug|Any CPU
		Release|Any CPU = Release|Any CPU
	EndGlobalSection
	GlobalSection(ProjectConfigurationPlatforms) = postSolution
		{98EF7410-6057-4CC6-BFDF-85882F2650F3}.Debug|Any CPU.ActiveCfg = Debug|Any CPU
		{98EF7410-6057-4CC6-BFDF-85882F2650F3}.Debug|Any CPU.Build.0 = Debug|Any CPU
		{98EF7410-6057-4CC6-BFDF-85882F2650F3}.Release|Any CPU.ActiveCfg = Release|Any CPU
		{98EF7410-6057-4CC6-BFDF-85882F2650F3}.Release|Any CPU.Build.0 = Release|Any CPU
		{C48A93BF-1A97-4D7E-B164-1EDDD504F31C}.Debug|Any CPU.ActiveCfg = Debug|Any CPU
		{C48A93BF-1A97-4D7E-B164-1EDDD504F31C}.Debug|Any CPU.Build.0 = Debug|Any CPU
		{C48A93BF-1A97-4D7E-B164-1EDDD504F31C}.Release|Any CPU.ActiveCfg = Release|Any CPU
		{C48A93BF-1A97-4D7E-B164-1EDDD504F31C}.Release|Any CPU.Build.0 = Release|Any CPU
		{C3957655-B67E-466E-B71A-FDFAC2309299}.Debug|Any CPU.ActiveCfg = Debug|Any CPU
		{C3957655-B67E-466E-B71A-FDFAC2309299}.Debug|Any CPU.Build.0 = Debug|Any CPU
		{C3957655-B67E-466E-B71A-FDFAC2309299}.Release|Any CPU.ActiveCfg = Release|Any CPU
		{C3957655-B67E-466E-B71A-FDFAC2309299}.Release|Any CPU.Build.0 = Release|Any CPU
		{4D61D8E2-17FD-4E9C-B592-BE8CE4EA356E}.Debug|Any CPU.ActiveCfg = Debug|Any CPU
		{4D61D8E2-17FD-4E9C-B592-BE8CE4EA356E}.Debug|Any CPU.Build.0 = Debug|Any CPU
		{4D61D8E2-17FD-4E9C-B592-BE8CE4EA356E}.Release|Any CPU.ActiveCfg = Release|Any CPU
		{4D61D8E2-17FD-4E9C-B592-BE8CE4EA356E}.Release|Any CPU.Build.0 = Release|Any CPU
		{7B458039-088D-493B-ACA7-02E4FBC7CF87}.Debug|Any CPU.ActiveCfg = Debug|Any CPU
		{7B458039-088D-493B-ACA7-02E4FBC7CF87}.Debug|Any CPU.Build.0 = Debug|Any CPU
		{7B458039-088D-493B-ACA7-02E4FBC7CF87}.Release|Any CPU.ActiveCfg = Release|Any CPU
		{7B458039-088D-493B-ACA7-02E4FBC7CF87}.Release|Any CPU.Build.0 = Release|Any CPU
	EndGlobalSection
	GlobalSection(SolutionProperties) = preSolution
		HideSolutionNode = FALSE
	EndGlobalSection
	GlobalSection(ExtensibilityGlobals) = postSolution
		SolutionGuid = {87E13FB3-72AD-415E-B189-9810C83FA4F7}
	EndGlobalSection
EndGlobal
